
Microsoft Visual Studio Solution File, Format Version 12.00
# Visual Studio 14
VisualStudioVersion = 14.0.25123.0
MinimumVisualStudioVersion = 10.0.40219.1
Project("{8BC9CEB8-8B4A-11D0-8D11-00A0C91BC942}") = "Bootstrap", "bootstrap\Bootstrap.vcxproj", "{AF59BB0B-E059-4773-83DC-728A949647DA}"
EndProject
Project("{8BC9CEB8-8B4A-11D0-8D11-00A0C91BC942}") = "Project2D", "Project2D\Project2D.vcxproj", "{3F428D0C-1CC8-47C3-818A-A3C2972C74C9}"
	ProjectSection(ProjectDependencies) = postProject
		{AF59BB0B-E059-4773-83DC-728A949647DA} = {AF59BB0B-E059-4773-83DC-728A949647DA}
	EndProjectSection
EndProject
Project("{8BC9CEB8-8B4A-11D0-8D11-00A0C91BC942}") = "Project3D", "Project3D\Project3D.vcxproj", "{EA21C4DF-E331-4FCF-8513-14A3F56B77F3}"
	ProjectSection(ProjectDependencies) = postProject
		{AF59BB0B-E059-4773-83DC-728A949647DA} = {AF59BB0B-E059-4773-83DC-728A949647DA}
	EndProjectSection
EndProject
Project("{8BC9CEB8-8B4A-11D0-8D11-00A0C91BC942}") = "01_ProjectSetup", "..\01_ProjectSetup\01_ProjectSetup.vcxproj", "{DEA49362-B428-4215-8D64-4EA0B4FF0858}"
	ProjectSection(ProjectDependencies) = postProject
		{AF59BB0B-E059-4773-83DC-728A949647DA} = {AF59BB0B-E059-4773-83DC-728A949647DA}
	EndProjectSection
EndProject
Project("{8BC9CEB8-8B4A-11D0-8D11-00A0C91BC942}") = "02_FlyCamera", "..\02_FlyCamera\FlyCamera\FlyCamera.vcxproj", "{BD048742-479B-42A3-8222-4BB7916CC412}"
	ProjectSection(ProjectDependencies) = postProject
		{AF59BB0B-E059-4773-83DC-728A949647DA} = {AF59BB0B-E059-4773-83DC-728A949647DA}
	EndProjectSection
EndProject
Project("{8BC9CEB8-8B4A-11D0-8D11-00A0C91BC942}") = "03_RenderingGeometry", "..\03_RenderGeometry\RenderingGeometry\RenderingGeometry.vcxproj", "{7163B724-9BC7-4E03-964B-9ABB8D697699}"
	ProjectSection(ProjectDependencies) = postProject
		{AF59BB0B-E059-4773-83DC-728A949647DA} = {AF59BB0B-E059-4773-83DC-728A949647DA}
	EndProjectSection
EndProject
Project("{8BC9CEB8-8B4A-11D0-8D11-00A0C91BC942}") = "04_ShaderClass", "..\04_ShaderClass\04_ShaderClass\04_ShaderClass.vcxproj", "{BA6BE378-81AB-4468-98CB-D1A550513006}"
EndProject
Project("{8BC9CEB8-8B4A-11D0-8D11-00A0C91BC942}") = "05_DiffuseLighting", "..\05_DiffuseLighting\05_DiffuseLighting\05_DiffuseLighting.vcxproj", "{A35A8184-0B2F-4000-BC3B-97739C530886}"
	ProjectSection(ProjectDependencies) = postProject
		{AF59BB0B-E059-4773-83DC-728A949647DA} = {AF59BB0B-E059-4773-83DC-728A949647DA}
	EndProjectSection
EndProject
Project("{8BC9CEB8-8B4A-11D0-8D11-00A0C91BC942}") = "06_Particles", "..\06_Particles\06_Particles\06_Particles.vcxproj", "{C13A0BF0-6D73-4B8B-A796-5A0A999D1E9F}"
EndProject
Global
	GlobalSection(SolutionConfigurationPlatforms) = preSolution
		Debug|x86 = Debug|x86
		Release|x86 = Release|x86
	EndGlobalSection
	GlobalSection(ProjectConfigurationPlatforms) = postSolution
		{AF59BB0B-E059-4773-83DC-728A949647DA}.Debug|x86.ActiveCfg = Debug|Win32
		{AF59BB0B-E059-4773-83DC-728A949647DA}.Debug|x86.Build.0 = Debug|Win32
		{AF59BB0B-E059-4773-83DC-728A949647DA}.Release|x86.ActiveCfg = Release|Win32
		{AF59BB0B-E059-4773-83DC-728A949647DA}.Release|x86.Build.0 = Release|Win32
		{3F428D0C-1CC8-47C3-818A-A3C2972C74C9}.Debug|x86.ActiveCfg = Debug|Win32
		{3F428D0C-1CC8-47C3-818A-A3C2972C74C9}.Debug|x86.Build.0 = Debug|Win32
		{3F428D0C-1CC8-47C3-818A-A3C2972C74C9}.Release|x86.ActiveCfg = Release|Win32
		{3F428D0C-1CC8-47C3-818A-A3C2972C74C9}.Release|x86.Build.0 = Release|Win32
		{EA21C4DF-E331-4FCF-8513-14A3F56B77F3}.Debug|x86.ActiveCfg = Debug|Win32
		{EA21C4DF-E331-4FCF-8513-14A3F56B77F3}.Debug|x86.Build.0 = Debug|Win32
		{EA21C4DF-E331-4FCF-8513-14A3F56B77F3}.Release|x86.ActiveCfg = Release|Win32
		{EA21C4DF-E331-4FCF-8513-14A3F56B77F3}.Release|x86.Build.0 = Release|Win32
		{DEA49362-B428-4215-8D64-4EA0B4FF0858}.Debug|x86.ActiveCfg = Debug|Win32
		{DEA49362-B428-4215-8D64-4EA0B4FF0858}.Debug|x86.Build.0 = Debug|Win32
		{DEA49362-B428-4215-8D64-4EA0B4FF0858}.Release|x86.ActiveCfg = Release|Win32
		{DEA49362-B428-4215-8D64-4EA0B4FF0858}.Release|x86.Build.0 = Release|Win32
		{BD048742-479B-42A3-8222-4BB7916CC412}.Debug|x86.ActiveCfg = Debug|Win32
		{BD048742-479B-42A3-8222-4BB7916CC412}.Debug|x86.Build.0 = Debug|Win32
		{BD048742-479B-42A3-8222-4BB7916CC412}.Release|x86.ActiveCfg = Release|Win32
		{BD048742-479B-42A3-8222-4BB7916CC412}.Release|x86.Build.0 = Release|Win32
		{7163B724-9BC7-4E03-964B-9ABB8D697699}.Debug|x86.ActiveCfg = Debug|Win32
		{7163B724-9BC7-4E03-964B-9ABB8D697699}.Debug|x86.Build.0 = Debug|Win32
		{7163B724-9BC7-4E03-964B-9ABB8D697699}.Release|x86.ActiveCfg = Release|Win32
		{7163B724-9BC7-4E03-964B-9ABB8D697699}.Release|x86.Build.0 = Release|Win32
		{BA6BE378-81AB-4468-98CB-D1A550513006}.Debug|x86.ActiveCfg = Debug|Win32
		{BA6BE378-81AB-4468-98CB-D1A550513006}.Debug|x86.Build.0 = Debug|Win32
		{BA6BE378-81AB-4468-98CB-D1A550513006}.Release|x86.ActiveCfg = Release|Win32
		{BA6BE378-81AB-4468-98CB-D1A550513006}.Release|x86.Build.0 = Release|Win32
		{A35A8184-0B2F-4000-BC3B-97739C530886}.Debug|x86.ActiveCfg = Debug|Win32
		{A35A8184-0B2F-4000-BC3B-97739C530886}.Debug|x86.Build.0 = Debug|Win32
		{A35A8184-0B2F-4000-BC3B-97739C530886}.Release|x86.ActiveCfg = Release|Win32
		{A35A8184-0B2F-4000-BC3B-97739C530886}.Release|x86.Build.0 = Release|Win32
		{C13A0BF0-6D73-4B8B-A796-5A0A999D1E9F}.Debug|x86.ActiveCfg = Debug|Win32
		{C13A0BF0-6D73-4B8B-A796-5A0A999D1E9F}.Debug|x86.Build.0 = Debug|Win32
		{C13A0BF0-6D73-4B8B-A796-5A0A999D1E9F}.Release|x86.ActiveCfg = Release|Win32
		{C13A0BF0-6D73-4B8B-A796-5A0A999D1E9F}.Release|x86.Build.0 = Release|Win32
	EndGlobalSection
	GlobalSection(SolutionProperties) = preSolution
		HideSolutionNode = FALSE
	EndGlobalSection
EndGlobal
